Microsoft Visual Studio Solution File, Format Version 12.00
# Visual Studio Version 17
VisualStudioVersion = 17.5.2.0
MinimumVisualStudioVersion = 10.0.40219.1
Project("{FAE04EC0-301F-11D3-BF4B-00C04F79EFBC}") = "smart_handler", "smart_handler.csproj", "{C6BE291D-C159-A59E-32D1-0C27275F44DB}"
EndProject
Global
	GlobalSection(SolutionConfigurationPlatforms) = preSolution
		Debug|Any CPU = Debug|Any CPU
		Release|Any CPU = Release|Any CPU
	EndGlobalSection
	GlobalSection(ProjectConfigurationPlatforms) = postSolution
		{C6BE291D-C159-A59E-32D1-0C27275F44DB}.Debug|Any CPU.ActiveCfg = Debug|Any CPU
		{C6BE291D-C159-A59E-32D1-0C27275F44DB}.Debug|Any CPU.Build.0 = Debug|Any CPU
		{C6BE291D-C159-A59E-32D1-0C27275F44DB}.Release|Any CPU.ActiveCfg = Release|Any CPU
		{C6BE291D-C159-A59E-32D1-0C27275F44DB}.Release|Any CPU.Build.0 = Release|Any CPU
	EndGlobalSection
	GlobalSection(SolutionProperties) = preSolution
		HideSolutionNode = FALSE
	EndGlobalSection
	GlobalSection(ExtensibilityGlobals) = postSolution
		SolutionGuid = {00C2A284-2D72-489E-B9D7-B8B3373457F5}
	EndGlobalSection
EndGlobal
